
Microsoft Visual Studio Solution File, Format Version 12.00
# Visual Studio Version 17
VisualStudioVersion = 17.3.32819.101
MinimumVisualStudioVersion = 10.0.40219.1
Project("{FAE04EC0-301F-11D3-BF4B-00C04F79EFBC}") = "ProductManager", "ProductManager\ProductManager.csproj", "{2BFEAE15-19C5-4D9C-9453-A8C03BD878BE}"
EndProject
Global
	GlobalSection(SolutionConfigurationPlatforms) = preSolution
		Debug|Any CPU = Debug|Any CPU
		Release|Any CPU = Release|Any CPU
	EndGlobalSection
	GlobalSection(ProjectConfigurationPlatforms) = postSolution
		{2BFEAE15-19C5-4D9C-9453-A8C03BD878BE}.Debug|Any CPU.ActiveCfg = Debug|Any CPU
		{2BFEAE15-19C5-4D9C-9453-A8C03BD878BE}.Debug|Any CPU.Build.0 = Debug|Any CPU
		{2BFEAE15-19C5-4D9C-9453-A8C03BD878BE}.Release|Any CPU.ActiveCfg = Release|Any CPU
		{2BFEAE15-19C5-4D9C-9453-A8C03BD878BE}.Release|Any CPU.Build.0 = Release|Any CPU
	EndGlobalSection
	GlobalSection(SolutionProperties) = preSolution
		HideSolutionNode = FALSE
	EndGlobalSection
	GlobalSection(ExtensibilityGlobals) = postSolution
		SolutionGuid = {361744CE-1294-4C58-BE36-CC1B1B4489F0}
	EndGlobalSection
EndGlobal
